<Solution>
  <Folder Name="/src/">
    <Project Path="src/EventBus/EventBus.csproj" />
    <Project Path="src/EventBusRabbitMQ/EventBusRabbitMQ.csproj" />
    <Project Path="src/eShop.ServiceDefaults/eShop.ServiceDefaults.csproj" />
    <Project Path="src/IntegrationEventLogEF/IntegrationEventLogEF.csproj" />
  </Folder>
  <Folder Name="/tests/">
    <Project Path="tests/EventBus.UnitTests/EventBus.UnitTests.csproj" />
    <Project Path="tests/EventBusRabbitMQ.UnitTests/EventBusRabbitMQ.UnitTests.csproj" />
    <Project Path="tests/eShop.ServiceDefaults.UnitTests/eShop.ServiceDefaults.UnitTests.csproj" />
    <Project Path="tests/IntegrationEventLogEF.UnitTests/IntegrationEventLogEF.UnitTests.csproj" />
  </Folder>
  <Folder Name="/Solution Items/">
    <File Path=".editorconfig" />
    <File Path="Directory.Packages.props" />
    <File Path="NuGet.config" />
    <File Path="README.md" />
    <File Path="global.json" />
  </Folder>
</Solution>